
Microsoft Visual Studio Solution File, Format Version 12.00
# Visual Studio Version 17
VisualStudioVersion = 17.4.33213.308
MinimumVisualStudioVersion = 10.0.40219.1
Project("{2150E333-8FDC-42A3-9474-1A3956D46DE8}") = "SimplePublisherConsumerApp", "SimplePublisherConsumerApp", "{BEDC9025-9E93-4F03-AA69-B4FB9604A43A}"
EndProject
Project("{9A19103F-16F7-4668-BE54-9A1E7A4F7556}") = "RabbitMQ.Consumer", "SimplePublisherConsumerApp\RabbitMQ.Consumer\RabbitMQ.Consumer.csproj", "{D3341F95-5D89-4219-87C4-2973903C7597}"
EndProject
Project("{9A19103F-16F7-4668-BE54-9A1E7A4F7556}") = "RabbitMQ.Publisher", "SimplePublisherConsumerApp\RabbitMQ.Publisher\RabbitMQ.Publisher.csproj", "{1075B230-9819-4210-A3A8-9242B2894021}"
EndProject
Project("{2150E333-8FDC-42A3-9474-1A3956D46DE8}") = "ExchangeTypes", "ExchangeTypes", "{FFE955D5-CE36-4199-B2DA-8A4BD748A05D}"
EndProject
Project("{9A19103F-16F7-4668-BE54-9A1E7A4F7556}") = "RabbitMQ.ExchangeTypes.Consumer", "ExchangeTypes\RabbitMQ.ExchangeTypes.Consumer\RabbitMQ.ExchangeTypes.Consumer.csproj", "{2DB2FE59-621D-4264-BEDA-B761197666A3}"
EndProject
Project("{9A19103F-16F7-4668-BE54-9A1E7A4F7556}") = "RabbitMQ.ExchangeTypes.Publisher", "ExchangeTypes\RabbitMQ.ExchangeTypes.Publisher\RabbitMQ.ExchangeTypes.Publisher.csproj", "{42381A54-D8BF-4556-B15B-928DC1B564BD}"
EndProject
Project("{2150E333-8FDC-42A3-9474-1A3956D46DE8}") = "MessageDesigns", "MessageDesigns", "{EC11C27C-44D7-4EEB-90E1-8A423A510131}"
EndProject
Project("{9A19103F-16F7-4668-BE54-9A1E7A4F7556}") = "RabbitMQ.MessageDesigns.Consumer", "MessageDesigns\RabbitMQ.MessageDesigns.Consumer\RabbitMQ.MessageDesigns.Consumer.csproj", "{1B8C225D-0BBB-4352-8600-800A3D49B6B9}"
EndProject
Project("{9A19103F-16F7-4668-BE54-9A1E7A4F7556}") = "RabbitMQ.MessageDesigns.Publisher", "MessageDesigns\RabbitMQ.MessageDesigns.Publisher\RabbitMQ.MessageDesigns.Publisher.csproj", "{CD273580-DD49-4E3B-AD62-ABFC4679C417}"
EndProject
Project("{2150E333-8FDC-42A3-9474-1A3956D46DE8}") = "MassTransitPublisherConsumerApp", "MassTransitPublisherConsumerApp", "{12600779-CAA9-483B-AF29-A80B35609370}"
EndProject
Project("{FAE04EC0-301F-11D3-BF4B-00C04F79EFBC}") = "RabbitMQ.MassTransit.Consumer", "MassTransitPublisherConsumerApp\RabbitMQ.MassTransit.Consumer\RabbitMQ.MassTransit.Consumer.csproj", "{4F120831-6339-4018-8769-A97815A36CBE}"
EndProject
Project("{FAE04EC0-301F-11D3-BF4B-00C04F79EFBC}") = "RabbitMQ.MassTransit.Publisher", "MassTransitPublisherConsumerApp\RabbitMQ.MassTransit.Publisher\RabbitMQ.MassTransit.Publisher.csproj", "{17F5CEF3-F86F-436C-8D22-1BE091F69E3A}"
EndProject
Project("{FAE04EC0-301F-11D3-BF4B-00C04F79EFBC}") = "RabbitMQ.MassTransit.Shared", "MassTransitPublisherConsumerApp\RabbitMQ.MassTransit.Shared\RabbitMQ.MassTransit.Shared.csproj", "{0BDF2300-062E-4D5C-8D21-76ED597FFFF5}"
EndProject
Global
	GlobalSection(SolutionConfigurationPlatforms) = preSolution
		Debug|Any CPU = Debug|Any CPU
		Release|Any CPU = Release|Any CPU
	EndGlobalSection
	GlobalSection(ProjectConfigurationPlatforms) = postSolution
		{D3341F95-5D89-4219-87C4-2973903C7597}.Debug|Any CPU.ActiveCfg = Debug|Any CPU
		{D3341F95-5D89-4219-87C4-2973903C7597}.Debug|Any CPU.Build.0 = Debug|Any CPU
		{D3341F95-5D89-4219-87C4-2973903C7597}.Release|Any CPU.ActiveCfg = Release|Any CPU
		{D3341F95-5D89-4219-87C4-2973903C7597}.Release|Any CPU.Build.0 = Release|Any CPU
		{1075B230-9819-4210-A3A8-9242B2894021}.Debug|Any CPU.ActiveCfg = Debug|Any CPU
		{1075B230-9819-4210-A3A8-9242B2894021}.Debug|Any CPU.Build.0 = Debug|Any CPU
		{1075B230-9819-4210-A3A8-9242B2894021}.Release|Any CPU.ActiveCfg = Release|Any CPU
		{1075B230-9819-4210-A3A8-9242B2894021}.Release|Any CPU.Build.0 = Release|Any CPU
		{2DB2FE59-621D-4264-BEDA-B761197666A3}.Debug|Any CPU.ActiveCfg = Debug|Any CPU
		{2DB2FE59-621D-4264-BEDA-B761197666A3}.Debug|Any CPU.Build.0 = Debug|Any CPU
		{2DB2FE59-621D-4264-BEDA-B761197666A3}.Release|Any CPU.ActiveCfg = Release|Any CPU
		{2DB2FE59-621D-4264-BEDA-B761197666A3}.Release|Any CPU.Build.0 = Release|Any CPU
		{42381A54-D8BF-4556-B15B-928DC1B564BD}.Debug|Any CPU.ActiveCfg = Debug|Any CPU
		{42381A54-D8BF-4556-B15B-928DC1B564BD}.Debug|Any CPU.Build.0 = Debug|Any CPU
		{42381A54-D8BF-4556-B15B-928DC1B564BD}.Release|Any CPU.ActiveCfg = Release|Any CPU
		{42381A54-D8BF-4556-B15B-928DC1B564BD}.Release|Any CPU.Build.0 = Release|Any CPU
		{1B8C225D-0BBB-4352-8600-800A3D49B6B9}.Debug|Any CPU.ActiveCfg = Debug|Any CPU
		{1B8C225D-0BBB-4352-8600-800A3D49B6B9}.Debug|Any CPU.Build.0 = Debug|Any CPU
		{1B8C225D-0BBB-4352-8600-800A3D49B6B9}.Release|Any CPU.ActiveCfg = Release|Any CPU
		{1B8C225D-0BBB-4352-8600-800A3D49B6B9}.Release|Any CPU.Build.0 = Release|Any CPU
		{CD273580-DD49-4E3B-AD62-ABFC4679C417}.Debug|Any CPU.ActiveCfg = Debug|Any CPU
		{CD273580-DD49-4E3B-AD62-ABFC4679C417}.Debug|Any CPU.Build.0 = Debug|Any CPU
		{CD273580-DD49-4E3B-AD62-ABFC4679C417}.Release|Any CPU.ActiveCfg = Release|Any CPU
		{CD273580-DD49-4E3B-AD62-ABFC4679C417}.Release|Any CPU.Build.0 = Release|Any CPU
		{4F120831-6339-4018-8769-A97815A36CBE}.Debug|Any CPU.ActiveCfg = Debug|Any CPU
		{4F120831-6339-4018-8769-A97815A36CBE}.Debug|Any CPU.Build.0 = Debug|Any CPU
		{4F120831-6339-4018-8769-A97815A36CBE}.Release|Any CPU.ActiveCfg = Release|Any CPU
		{4F120831-6339-4018-8769-A97815A36CBE}.Release|Any CPU.Build.0 = Release|Any CPU
		{17F5CEF3-F86F-436C-8D22-1BE091F69E3A}.Debug|Any CPU.ActiveCfg = Debug|Any CPU
		{17F5CEF3-F86F-436C-8D22-1BE091F69E3A}.Debug|Any CPU.Build.0 = Debug|Any CPU
		{17F5CEF3-F86F-436C-8D22-1BE091F69E3A}.Release|Any CPU.ActiveCfg = Release|Any CPU
		{17F5CEF3-F86F-436C-8D22-1BE091F69E3A}.Release|Any CPU.Build.0 = Release|Any CPU
		{0BDF2300-062E-4D5C-8D21-76ED597FFFF5}.Debug|Any CPU.ActiveCfg = Debug|Any CPU
		{0BDF2300-062E-4D5C-8D21-76ED597FFFF5}.Debug|Any CPU.Build.0 = Debug|Any CPU
		{0BDF2300-062E-4D5C-8D21-76ED597FFFF5}.Release|Any CPU.ActiveCfg = Release|Any CPU
		{0BDF2300-062E-4D5C-8D21-76ED597FFFF5}.Release|Any CPU.Build.0 = Release|Any CPU
	EndGlobalSection
	GlobalSection(SolutionProperties) = preSolution
		HideSolutionNode = FALSE
	EndGlobalSection
	GlobalSection(NestedProjects) = preSolution
		{D3341F95-5D89-4219-87C4-2973903C7597} = {BEDC9025-9E93-4F03-AA69-B4FB9604A43A}
		{1075B230-9819-4210-A3A8-9242B2894021} = {BEDC9025-9E93-4F03-AA69-B4FB9604A43A}
		{2DB2FE59-621D-4264-BEDA-B761197666A3} = {FFE955D5-CE36-4199-B2DA-8A4BD748A05D}
		{42381A54-D8BF-4556-B15B-928DC1B564BD} = {FFE955D5-CE36-4199-B2DA-8A4BD748A05D}
		{1B8C225D-0BBB-4352-8600-800A3D49B6B9} = {EC11C27C-44D7-4EEB-90E1-8A423A510131}
		{CD273580-DD49-4E3B-AD62-ABFC4679C417} = {EC11C27C-44D7-4EEB-90E1-8A423A510131}
		{4F120831-6339-4018-8769-A97815A36CBE} = {12600779-CAA9-483B-AF29-A80B35609370}
		{17F5CEF3-F86F-436C-8D22-1BE091F69E3A} = {12600779-CAA9-483B-AF29-A80B35609370}
		{0BDF2300-062E-4D5C-8D21-76ED597FFFF5} = {12600779-CAA9-483B-AF29-A80B35609370}
	EndGlobalSection
	GlobalSection(ExtensibilityGlobals) = postSolution
		SolutionGuid = {C52BDCE9-AAEE-4479-9E50-AB601BB53EDA}
	EndGlobalSection
EndGlobal
